
Microsoft Visual Studio Solution File, Format Version 12.00
# Visual Studio Version 17
VisualStudioVersion = 17.9.34728.123
MinimumVisualStudioVersion = 10.0.40219.1
Project("{FAE04EC0-301F-11D3-BF4B-00C04F79EFBC}") = "kokshengoj.Api", "src\kokshengoj.Api\kokshengoj.Api.csproj", "{60902DF6-BCD8-4C13-9836-0D559CE79D00}"
EndProject
Project("{FAE04EC0-301F-11D3-BF4B-00C04F79EFBC}") = "kokshengoj.Application", "src\kokshengoj.Application\kokshengoj.Application.csproj", "{8488B240-339F-44A8-B599-C7EF0B287AB9}"
EndProject
Project("{FAE04EC0-301F-11D3-BF4B-00C04F79EFBC}") = "kokshengoj.Contracts", "src\kokshengoj.Contracts\kokshengoj.Contracts.csproj", "{51549C6B-DED6-433A-A110-8F3E211541D3}"
EndProject
Project("{FAE04EC0-301F-11D3-BF4B-00C04F79EFBC}") = "kokshengoj.Domain", "src\kokshengoj.Domain\kokshengoj.Domain.csproj", "{5C48B169-35B1-4D52-93CC-8E0BEFA4CF55}"
EndProject
Project("{FAE04EC0-301F-11D3-BF4B-00C04F79EFBC}") = "kokshengoj.Infrastructure", "src\kokshengoj.Infrastructure\kokshengoj.Infrastructure.csproj", "{E788F0D9-FDDE-4407-864C-D196798F3DB2}"
EndProject
Global
	GlobalSection(SolutionConfigurationPlatforms) = preSolution
		Debug|Any CPU = Debug|Any CPU
		Release|Any CPU = Release|Any CPU
	EndGlobalSection
	GlobalSection(ProjectConfigurationPlatforms) = postSolution
		{60902DF6-BCD8-4C13-9836-0D559CE79D00}.Debug|Any CPU.ActiveCfg = Debug|Any CPU
		{60902DF6-BCD8-4C13-9836-0D559CE79D00}.Debug|Any CPU.Build.0 = Debug|Any CPU
		{60902DF6-BCD8-4C13-9836-0D559CE79D00}.Release|Any CPU.ActiveCfg = Release|Any CPU
		{60902DF6-BCD8-4C13-9836-0D559CE79D00}.Release|Any CPU.Build.0 = Release|Any CPU
		{8488B240-339F-44A8-B599-C7EF0B287AB9}.Debug|Any CPU.ActiveCfg = Debug|Any CPU
		{8488B240-339F-44A8-B599-C7EF0B287AB9}.Debug|Any CPU.Build.0 = Debug|Any CPU
		{8488B240-339F-44A8-B599-C7EF0B287AB9}.Release|Any CPU.ActiveCfg = Release|Any CPU
		{8488B240-339F-44A8-B599-C7EF0B287AB9}.Release|Any CPU.Build.0 = Release|Any CPU
		{51549C6B-DED6-433A-A110-8F3E211541D3}.Debug|Any CPU.ActiveCfg = Debug|Any CPU
		{51549C6B-DED6-433A-A110-8F3E211541D3}.Debug|Any CPU.Build.0 = Debug|Any CPU
		{51549C6B-DED6-433A-A110-8F3E211541D3}.Release|Any CPU.ActiveCfg = Release|Any CPU
		{51549C6B-DED6-433A-A110-8F3E211541D3}.Release|Any CPU.Build.0 = Release|Any CPU
		{5C48B169-35B1-4D52-93CC-8E0BEFA4CF55}.Debug|Any CPU.ActiveCfg = Debug|Any CPU
		{5C48B169-35B1-4D52-93CC-8E0BEFA4CF55}.Debug|Any CPU.Build.0 = Debug|Any CPU
		{5C48B169-35B1-4D52-93CC-8E0BEFA4CF55}.Release|Any CPU.ActiveCfg = Release|Any CPU
		{5C48B169-35B1-4D52-93CC-8E0BEFA4CF55}.Release|Any CPU.Build.0 = Release|Any CPU
		{E788F0D9-FDDE-4407-864C-D196798F3DB2}.Debug|Any CPU.ActiveCfg = Debug|Any CPU
		{E788F0D9-FDDE-4407-864C-D196798F3DB2}.Debug|Any CPU.Build.0 = Debug|Any CPU
		{E788F0D9-FDDE-4407-864C-D196798F3DB2}.Release|Any CPU.ActiveCfg = Release|Any CPU
		{E788F0D9-FDDE-4407-864C-D196798F3DB2}.Release|Any CPU.Build.0 = Release|Any CPU
	EndGlobalSection
	GlobalSection(SolutionProperties) = preSolution
		HideSolutionNode = FALSE
	EndGlobalSection
	GlobalSection(ExtensibilityGlobals) = postSolution
		SolutionGuid = {99D74A9A-764F-4496-AF50-A5EA8279E729}
	EndGlobalSection
EndGlobal
